
Microsoft Visual Studio Solution File, Format Version 12.00
# Visual Studio Version 17
VisualStudioVersion = 17.13.35806.99 d17.13
MinimumVisualStudioVersion = 10.0.40219.1
Project("{FAE04EC0-301F-11D3-BF4B-00C04F79EFBC}") = "UserManagerApi", "UserManagerApi\UserManagerApi.csproj", "{98EF12F1-6C71-4BAA-8AF2-D59424C1E6AF}"
EndProject
Global
	GlobalSection(SolutionConfigurationPlatforms) = preSolution
		Debug|Any CPU = Debug|Any CPU
		Release|Any CPU = Release|Any CPU
	EndGlobalSection
	GlobalSection(ProjectConfigurationPlatforms) = postSolution
		{98EF12F1-6C71-4BAA-8AF2-D59424C1E6AF}.Debug|Any CPU.ActiveCfg = Debug|Any CPU
		{98EF12F1-6C71-4BAA-8AF2-D59424C1E6AF}.Debug|Any CPU.Build.0 = Debug|Any CPU
		{98EF12F1-6C71-4BAA-8AF2-D59424C1E6AF}.Release|Any CPU.ActiveCfg = Release|Any CPU
		{98EF12F1-6C71-4BAA-8AF2-D59424C1E6AF}.Release|Any CPU.Build.0 = Release|Any CPU
	EndGlobalSection
	GlobalSection(SolutionProperties) = preSolution
		HideSolutionNode = FALSE
	EndGlobalSection
	GlobalSection(ExtensibilityGlobals) = postSolution
		SolutionGuid = {6F25F625-09D3-4D5B-8628-7C728C7E7F70}
	EndGlobalSection
EndGlobal
